
Microsoft Visual Studio Solution File, Format Version 12.00
# Visual Studio Version 17
VisualStudioVersion = 17.7.34024.191
MinimumVisualStudioVersion = 10.0.40219.1
Project("{9A19103F-16F7-4668-BE54-9A1E7A4F7556}") = "arcade_paradise_unbreakable_plugin", "arcade_paradise_unbreakable_plugin.csproj", "{8272681C-9E64-44B0-BB0E-6ADD25FAA519}"
EndProject
Global
	GlobalSection(SolutionConfigurationPlatforms) = preSolution
		Debug|Any CPU = Debug|Any CPU
		Release|Any CPU = Release|Any CPU
	EndGlobalSection
	GlobalSection(ProjectConfigurationPlatforms) = postSolution
		{8272681C-9E64-44B0-BB0E-6ADD25FAA519}.Debug|Any CPU.ActiveCfg = Debug|Any CPU
		{8272681C-9E64-44B0-BB0E-6ADD25FAA519}.Debug|Any CPU.Build.0 = Debug|Any CPU
		{8272681C-9E64-44B0-BB0E-6ADD25FAA519}.Release|Any CPU.ActiveCfg = Release|Any CPU
		{8272681C-9E64-44B0-BB0E-6ADD25FAA519}.Release|Any CPU.Build.0 = Release|Any CPU
	EndGlobalSection
	GlobalSection(SolutionProperties) = preSolution
		HideSolutionNode = FALSE
	EndGlobalSection
	GlobalSection(ExtensibilityGlobals) = postSolution
		SolutionGuid = {E2708D9B-E606-4431-84CC-E2FF9BB3B2AA}
	EndGlobalSection
EndGlobal
